
Microsoft Visual Studio Solution File, Format Version 12.00
# Visual Studio Version 17
VisualStudioVersion = 17.2.32505.173
MinimumVisualStudioVersion = 10.0.40219.1
Project("{9A19103F-16F7-4668-BE54-9A1E7A4F7556}") = "ConsoleApp1", "ConsoleApp1\ConsoleApp1.csproj", "{D859A6A9-04D1-48D1-BF25-1D858AC2AA9D}"
EndProject
Project("{FAE04EC0-301F-11D3-BF4B-00C04F79EFBC}") = "ConsoleApp2", "ConsoleApp2\ConsoleApp2.csproj", "{E2DE7689-AC25-40EA-BA7A-368F5E177E1C}"
EndProject
Project("{FAE04EC0-301F-11D3-BF4B-00C04F79EFBC}") = "ConsoleApp3", "ConsoleApp3\ConsoleApp3.csproj", "{BEE68FD2-FEAD-43A1-94F0-32F2D3EA53C1}"
EndProject
Project("{FAE04EC0-301F-11D3-BF4B-00C04F79EFBC}") = "ConsoleApp4", "ConsoleApp4\ConsoleApp4.csproj", "{83CDBEB2-B768-41F0-A5C8-50C1C4E33571}"
EndProject
Global
	GlobalSection(SolutionConfigurationPlatforms) = preSolution
		Debug|Any CPU = Debug|Any CPU
		Release|Any CPU = Release|Any CPU
	EndGlobalSection
	GlobalSection(ProjectConfigurationPlatforms) = postSolution
		{D859A6A9-04D1-48D1-BF25-1D858AC2AA9D}.Debug|Any CPU.ActiveCfg = Debug|Any CPU
		{D859A6A9-04D1-48D1-BF25-1D858AC2AA9D}.Debug|Any CPU.Build.0 = Debug|Any CPU
		{D859A6A9-04D1-48D1-BF25-1D858AC2AA9D}.Release|Any CPU.ActiveCfg = Release|Any CPU
		{D859A6A9-04D1-48D1-BF25-1D858AC2AA9D}.Release|Any CPU.Build.0 = Release|Any CPU
		{E2DE7689-AC25-40EA-BA7A-368F5E177E1C}.Debug|Any CPU.ActiveCfg = Debug|Any CPU
		{E2DE7689-AC25-40EA-BA7A-368F5E177E1C}.Debug|Any CPU.Build.0 = Debug|Any CPU
		{E2DE7689-AC25-40EA-BA7A-368F5E177E1C}.Release|Any CPU.ActiveCfg = Release|Any CPU
		{E2DE7689-AC25-40EA-BA7A-368F5E177E1C}.Release|Any CPU.Build.0 = Release|Any CPU
		{BEE68FD2-FEAD-43A1-94F0-32F2D3EA53C1}.Debug|Any CPU.ActiveCfg = Debug|Any CPU
		{BEE68FD2-FEAD-43A1-94F0-32F2D3EA53C1}.Debug|Any CPU.Build.0 = Debug|Any CPU
		{BEE68FD2-FEAD-43A1-94F0-32F2D3EA53C1}.Release|Any CPU.ActiveCfg = Release|Any CPU
		{BEE68FD2-FEAD-43A1-94F0-32F2D3EA53C1}.Release|Any CPU.Build.0 = Release|Any CPU
		{83CDBEB2-B768-41F0-A5C8-50C1C4E33571}.Debug|Any CPU.ActiveCfg = Debug|Any CPU
		{83CDBEB2-B768-41F0-A5C8-50C1C4E33571}.Debug|Any CPU.Build.0 = Debug|Any CPU
		{83CDBEB2-B768-41F0-A5C8-50C1C4E33571}.Release|Any CPU.ActiveCfg = Release|Any CPU
		{83CDBEB2-B768-41F0-A5C8-50C1C4E33571}.Release|Any CPU.Build.0 = Release|Any CPU
	EndGlobalSection
	GlobalSection(SolutionProperties) = preSolution
		HideSolutionNode = FALSE
	EndGlobalSection
	GlobalSection(ExtensibilityGlobals) = postSolution
		SolutionGuid = {5C41D146-003B-4B96-909F-5DFFCE02B4AF}
	EndGlobalSection
EndGlobal
