
Microsoft Visual Studio Solution File, Format Version 12.00
# Visual Studio Version 16
VisualStudioVersion = 16.0.31410.357
MinimumVisualStudioVersion = 10.0.40219.1
Project("{FAE04EC0-301F-11D3-BF4B-00C04F79EFBC}") = "ConsoleApp1", "ConsoleApp1\ConsoleApp1.csproj", "{D859A6A9-04D1-48D1-BF25-1D858AC2AA9D}"
EndProject
Global
	GlobalSection(SolutionConfigurationPlatforms) = preSolution
		Debug|Any CPU = Debug|Any CPU
		Release|Any CPU = Release|Any CPU
	EndGlobalSection
	GlobalSection(ProjectConfigurationPlatforms) = postSolution
		{D859A6A9-04D1-48D1-BF25-1D858AC2AA9D}.Debug|Any CPU.ActiveCfg = Debug|Any CPU
		{D859A6A9-04D1-48D1-BF25-1D858AC2AA9D}.Debug|Any CPU.Build.0 = Debug|Any CPU
		{D859A6A9-04D1-48D1-BF25-1D858AC2AA9D}.Release|Any CPU.ActiveCfg = Release|Any CPU
		{D859A6A9-04D1-48D1-BF25-1D858AC2AA9D}.Release|Any CPU.Build.0 = Release|Any CPU
	EndGlobalSection
	GlobalSection(SolutionProperties) = preSolution
		HideSolutionNode = FALSE
	EndGlobalSection
	GlobalSection(ExtensibilityGlobals) = postSolution
		SolutionGuid = {5C41D146-003B-4B96-909F-5DFFCE02B4AF}
	EndGlobalSection
EndGlobal
